
Microsoft Visual Studio Solution File, Format Version 12.00
# Visual Studio 15
VisualStudioVersion = 15.0.26730.12
MinimumVisualStudioVersion = 10.0.40219.1
Project("{FAE04EC0-301F-11D3-BF4B-00C04F79EFBC}") = "puzlhunt", "puzlhunt\puzlhunt.csproj", "{7E08DB0B-1A19-44CD-8339-D26696C141D2}"
EndProject
Global
	GlobalSection(SolutionConfigurationPlatforms) = preSolution
		Debug|Any CPU = Debug|Any CPU
		Release|Any CPU = Release|Any CPU
	EndGlobalSection
	GlobalSection(ProjectConfigurationPlatforms) = postSolution
		{7E08DB0B-1A19-44CD-8339-D26696C141D2}.Debug|Any CPU.ActiveCfg = Debug|Any CPU
		{7E08DB0B-1A19-44CD-8339-D26696C141D2}.Debug|Any CPU.Build.0 = Debug|Any CPU
		{7E08DB0B-1A19-44CD-8339-D26696C141D2}.Release|Any CPU.ActiveCfg = Release|Any CPU
		{7E08DB0B-1A19-44CD-8339-D26696C141D2}.Release|Any CPU.Build.0 = Release|Any CPU
	EndGlobalSection
	GlobalSection(SolutionProperties) = preSolution
		HideSolutionNode = FALSE
	EndGlobalSection
	GlobalSection(ExtensibilityGlobals) = postSolution
		SolutionGuid = {7FE08170-E0EC-4690-8AFA-A47C9D399446}
	EndGlobalSection
EndGlobal
